{
  "requires": true,
  "lockfileVersion": 1,
  "dependencies": {
    "classnames": {
      "version": "2.2.6",
      "resolved": "https://registry.npmjs.org/classnames/-/classnames-2.2.6.tgz",
      "integrity": "sha512-JR/iSQOSt+LQIWwrwEzJ9uk0xfN3mTVYMwt1Ir5mUcSN6pU+V4zQFFaJsclJbPuAUQH+yfWef6tm7l1quW3C8Q=="
    },
    "core-js": {
      "version": "2.6.4",
      "resolved": "https://registry.npmjs.org/core-js/-/core-js-2.6.4.tgz",
      "integrity": "sha512-05qQ5hXShcqGkPZpXEFLIpxayZscVD2kuMBZewxiIPPEagukO4mqgPA9CWhUvFBJfy3ODdK2p9xyHh7FTU9/7A=="
    },
    "feather-icons": {
      "version": "4.17.0",
      "resolved": "https://registry.npmjs.org/feather-icons/-/feather-icons-4.17.0.tgz",
      "integrity": "sha512-eAQCGeI9Dn57JRuzb7SfWYSj/v/PLoa7cZ1nqY3m0V8i+Q3pqJu6sXiKBRFTufT7s+7o6ZZkDsffh7dsnStSOg==",
      "requires": {
        "classnames": "^2.2.5",
        "core-js": "^2.5.3"
      }
    },
    "react-feather": {
      "version": "1.1.6",
      "resolved": "https://registry.npmjs.org/react-feather/-/react-feather-1.1.6.tgz",
      "integrity": "sha512-iCofWhTjX+vQwvDmg7o6vg0XrUg1c41yBDZG+l83nz1FiCsleJoUgd3O+kHpOeWMXuPrRIFfCixvcqyOLGOgIg=="
    }
  }
}
